
Microsoft Visual Studio Solution File, Format Version 11.00
# Visual C# Express 2010
Project("{FAE04EC0-301F-11D3-BF4B-00C04F79EFBC}") = "Pkcs11Interop", "Pkcs11Interop\Pkcs11Interop.csproj", "{9BC3EE70-6B0B-4B26-8C06-B7AE50BE202E}"
EndProject
Project("{FAE04EC0-301F-11D3-BF4B-00C04F79EFBC}") = "Pkcs11InteropTests", "Pkcs11InteropTests\Pkcs11InteropTests.csproj", "{21C986F1-411F-4F01-B9A2-5930B6E75DC7}"
EndProject
Global
	GlobalSection(SolutionConfigurationPlatforms) = preSolution
		Debug|Any CPU = Debug|Any CPU
		Release|Any CPU = Release|Any CPU
	EndGlobalSection
	GlobalSection(ProjectConfigurationPlatforms) = postSolution
		{9BC3EE70-6B0B-4B26-8C06-B7AE50BE202E}.Debug|Any CPU.ActiveCfg = Debug|Any CPU
		{9BC3EE70-6B0B-4B26-8C06-B7AE50BE202E}.Debug|Any CPU.Build.0 = Debug|Any CPU
		{9BC3EE70-6B0B-4B26-8C06-B7AE50BE202E}.Release|Any CPU.ActiveCfg = Release|Any CPU
		{9BC3EE70-6B0B-4B26-8C06-B7AE50BE202E}.Release|Any CPU.Build.0 = Release|Any CPU
		{21C986F1-411F-4F01-B9A2-5930B6E75DC7}.Debug|Any CPU.ActiveCfg = Debug|Any CPU
		{21C986F1-411F-4F01-B9A2-5930B6E75DC7}.Debug|Any CPU.Build.0 = Debug|Any CPU
		{21C986F1-411F-4F01-B9A2-5930B6E75DC7}.Release|Any CPU.ActiveCfg = Release|Any CPU
		{21C986F1-411F-4F01-B9A2-5930B6E75DC7}.Release|Any CPU.Build.0 = Release|Any CPU
	EndGlobalSection
	GlobalSection(SolutionProperties) = preSolution
		HideSolutionNode = FALSE
	EndGlobalSection
EndGlobal
