
Microsoft Visual Studio Solution File, Format Version 12.00
# Visual Studio 2012
Project("{FAE04EC0-301F-11D3-BF4B-00C04F79EFBC}") = "Pkcs11Interop.iOS", "Pkcs11Interop.iOS\Pkcs11Interop.iOS.csproj", "{F281B0AA-967A-4C11-B31A-B13A4A5FA6F9}"
EndProject
Project("{FAE04EC0-301F-11D3-BF4B-00C04F79EFBC}") = "Pkcs11Interop.iOS.Tests", "Pkcs11Interop.iOS.Tests\Pkcs11Interop.iOS.Tests.csproj", "{8C539BCD-CC58-46E4-9D28-7A532E340BC0}"
EndProject
Global
	GlobalSection(SolutionConfigurationPlatforms) = preSolution
		Debug|Any CPU = Debug|Any CPU
		Release|Any CPU = Release|Any CPU
		Debug|iPhoneSimulator = Debug|iPhoneSimulator
		Release|iPhoneSimulator = Release|iPhoneSimulator
		Debug|iPhone = Debug|iPhone
		Release|iPhone = Release|iPhone
		Ad-Hoc|iPhone = Ad-Hoc|iPhone
		AppStore|iPhone = AppStore|iPhone
	EndGlobalSection
	GlobalSection(ProjectConfigurationPlatforms) = postSolution
		{8C539BCD-CC58-46E4-9D28-7A532E340BC0}.Ad-Hoc|iPhone.ActiveCfg = Ad-Hoc|iPhone
		{8C539BCD-CC58-46E4-9D28-7A532E340BC0}.Ad-Hoc|iPhone.Build.0 = Ad-Hoc|iPhone
		{8C539BCD-CC58-46E4-9D28-7A532E340BC0}.AppStore|iPhone.ActiveCfg = AppStore|iPhone
		{8C539BCD-CC58-46E4-9D28-7A532E340BC0}.AppStore|iPhone.Build.0 = AppStore|iPhone
		{8C539BCD-CC58-46E4-9D28-7A532E340BC0}.Debug|Any CPU.ActiveCfg = Debug|iPhoneSimulator
		{8C539BCD-CC58-46E4-9D28-7A532E340BC0}.Debug|Any CPU.Build.0 = Debug|iPhoneSimulator
		{8C539BCD-CC58-46E4-9D28-7A532E340BC0}.Debug|iPhone.ActiveCfg = Debug|iPhone
		{8C539BCD-CC58-46E4-9D28-7A532E340BC0}.Debug|iPhone.Build.0 = Debug|iPhone
		{8C539BCD-CC58-46E4-9D28-7A532E340BC0}.Debug|iPhoneSimulator.ActiveCfg = Debug|iPhoneSimulator
		{8C539BCD-CC58-46E4-9D28-7A532E340BC0}.Debug|iPhoneSimulator.Build.0 = Debug|iPhoneSimulator
		{8C539BCD-CC58-46E4-9D28-7A532E340BC0}.Release|Any CPU.ActiveCfg = Release|iPhoneSimulator
		{8C539BCD-CC58-46E4-9D28-7A532E340BC0}.Release|Any CPU.Build.0 = Release|iPhoneSimulator
		{8C539BCD-CC58-46E4-9D28-7A532E340BC0}.Release|iPhone.ActiveCfg = Release|iPhone
		{8C539BCD-CC58-46E4-9D28-7A532E340BC0}.Release|iPhone.Build.0 = Release|iPhone
		{8C539BCD-CC58-46E4-9D28-7A532E340BC0}.Release|iPhoneSimulator.ActiveCfg = Release|iPhoneSimulator
		{8C539BCD-CC58-46E4-9D28-7A532E340BC0}.Release|iPhoneSimulator.Build.0 = Release|iPhoneSimulator
		{F281B0AA-967A-4C11-B31A-B13A4A5FA6F9}.Ad-Hoc|iPhone.ActiveCfg = Debug|Any CPU
		{F281B0AA-967A-4C11-B31A-B13A4A5FA6F9}.Ad-Hoc|iPhone.Build.0 = Debug|Any CPU
		{F281B0AA-967A-4C11-B31A-B13A4A5FA6F9}.AppStore|iPhone.ActiveCfg = Debug|Any CPU
		{F281B0AA-967A-4C11-B31A-B13A4A5FA6F9}.AppStore|iPhone.Build.0 = Debug|Any CPU
		{F281B0AA-967A-4C11-B31A-B13A4A5FA6F9}.Debug|Any CPU.ActiveCfg = Debug|Any CPU
		{F281B0AA-967A-4C11-B31A-B13A4A5FA6F9}.Debug|Any CPU.Build.0 = Debug|Any CPU
		{F281B0AA-967A-4C11-B31A-B13A4A5FA6F9}.Debug|iPhone.ActiveCfg = Debug|Any CPU
		{F281B0AA-967A-4C11-B31A-B13A4A5FA6F9}.Debug|iPhone.Build.0 = Debug|Any CPU
		{F281B0AA-967A-4C11-B31A-B13A4A5FA6F9}.Debug|iPhoneSimulator.ActiveCfg = Debug|Any CPU
		{F281B0AA-967A-4C11-B31A-B13A4A5FA6F9}.Debug|iPhoneSimulator.Build.0 = Debug|Any CPU
		{F281B0AA-967A-4C11-B31A-B13A4A5FA6F9}.Release|Any CPU.ActiveCfg = Release|Any CPU
		{F281B0AA-967A-4C11-B31A-B13A4A5FA6F9}.Release|Any CPU.Build.0 = Release|Any CPU
		{F281B0AA-967A-4C11-B31A-B13A4A5FA6F9}.Release|iPhone.ActiveCfg = Release|Any CPU
		{F281B0AA-967A-4C11-B31A-B13A4A5FA6F9}.Release|iPhone.Build.0 = Release|Any CPU
		{F281B0AA-967A-4C11-B31A-B13A4A5FA6F9}.Release|iPhoneSimulator.ActiveCfg = Release|Any CPU
		{F281B0AA-967A-4C11-B31A-B13A4A5FA6F9}.Release|iPhoneSimulator.Build.0 = Release|Any CPU
	EndGlobalSection
EndGlobal
