
Microsoft Visual Studio Solution File, Format Version 12.00
# Visual Studio 15
VisualStudioVersion = 15.0.26430.12
MinimumVisualStudioVersion = 10.0.40219.1
Project("{9A19103F-16F7-4668-BE54-9A1E7A4F7556}") = "Pkcs11Interop.NetStandard", "Pkcs11Interop.NetStandard\Pkcs11Interop.NetStandard.csproj", "{C60DA2E2-69E7-4B63-A77B-EFBBA1579C9D}"
EndProject
Project("{9A19103F-16F7-4668-BE54-9A1E7A4F7556}") = "Pkcs11Interop.DotNetCore.Tests", "Pkcs11Interop.DotNetCore.Tests\Pkcs11Interop.DotNetCore.Tests.csproj", "{77010EA5-A254-4158-BE87-19964350FFD8}"
EndProject
Global
	GlobalSection(SolutionConfigurationPlatforms) = preSolution
		Debug|Any CPU = Debug|Any CPU
		Release|Any CPU = Release|Any CPU
	EndGlobalSection
	GlobalSection(ProjectConfigurationPlatforms) = postSolution
		{C60DA2E2-69E7-4B63-A77B-EFBBA1579C9D}.Debug|Any CPU.ActiveCfg = Debug|Any CPU
		{C60DA2E2-69E7-4B63-A77B-EFBBA1579C9D}.Debug|Any CPU.Build.0 = Debug|Any CPU
		{C60DA2E2-69E7-4B63-A77B-EFBBA1579C9D}.Release|Any CPU.ActiveCfg = Release|Any CPU
		{C60DA2E2-69E7-4B63-A77B-EFBBA1579C9D}.Release|Any CPU.Build.0 = Release|Any CPU
		{77010EA5-A254-4158-BE87-19964350FFD8}.Debug|Any CPU.ActiveCfg = Debug|Any CPU
		{77010EA5-A254-4158-BE87-19964350FFD8}.Debug|Any CPU.Build.0 = Debug|Any CPU
		{77010EA5-A254-4158-BE87-19964350FFD8}.Release|Any CPU.ActiveCfg = Release|Any CPU
		{77010EA5-A254-4158-BE87-19964350FFD8}.Release|Any CPU.Build.0 = Release|Any CPU
	EndGlobalSection
	GlobalSection(SolutionProperties) = preSolution
		HideSolutionNode = FALSE
	EndGlobalSection
EndGlobal
