
Microsoft Visual Studio Solution File, Format Version 12.00
# Visual Studio 2012
Project("{FAE04EC0-301F-11D3-BF4B-00C04F79EFBC}") = "Pkcs11Interop.iOS", "Pkcs11Interop.iOS\Pkcs11Interop.iOS.csproj", "{1DF7AFD7-8498-41C2-B83A-161E2D2A01E9}"
EndProject
Project("{FAE04EC0-301F-11D3-BF4B-00C04F79EFBC}") = "Pkcs11Interop.iOS.Tests", "Pkcs11Interop.iOS.Tests\Pkcs11Interop.iOS.Tests.csproj", "{EDFECDDE-5DF5-423C-925B-2064437275D3}"
EndProject
Global
	GlobalSection(SolutionConfigurationPlatforms) = preSolution
		Debug|Any CPU = Debug|Any CPU
		Release|Any CPU = Release|Any CPU
		Debug|iPhoneSimulator = Debug|iPhoneSimulator
		Release|iPhone = Release|iPhone
		Release|iPhoneSimulator = Release|iPhoneSimulator
		Debug|iPhone = Debug|iPhone
	EndGlobalSection
	GlobalSection(ProjectConfigurationPlatforms) = postSolution
		{1DF7AFD7-8498-41C2-B83A-161E2D2A01E9}.Debug|Any CPU.ActiveCfg = Debug|Any CPU
		{1DF7AFD7-8498-41C2-B83A-161E2D2A01E9}.Debug|Any CPU.Build.0 = Debug|Any CPU
		{1DF7AFD7-8498-41C2-B83A-161E2D2A01E9}.Release|Any CPU.ActiveCfg = Release|Any CPU
		{1DF7AFD7-8498-41C2-B83A-161E2D2A01E9}.Release|Any CPU.Build.0 = Release|Any CPU
		{1DF7AFD7-8498-41C2-B83A-161E2D2A01E9}.Debug|iPhoneSimulator.ActiveCfg = Debug|Any CPU
		{1DF7AFD7-8498-41C2-B83A-161E2D2A01E9}.Debug|iPhoneSimulator.Build.0 = Debug|Any CPU
		{1DF7AFD7-8498-41C2-B83A-161E2D2A01E9}.Release|iPhone.ActiveCfg = Release|Any CPU
		{1DF7AFD7-8498-41C2-B83A-161E2D2A01E9}.Release|iPhone.Build.0 = Release|Any CPU
		{1DF7AFD7-8498-41C2-B83A-161E2D2A01E9}.Release|iPhoneSimulator.ActiveCfg = Release|Any CPU
		{1DF7AFD7-8498-41C2-B83A-161E2D2A01E9}.Release|iPhoneSimulator.Build.0 = Release|Any CPU
		{1DF7AFD7-8498-41C2-B83A-161E2D2A01E9}.Debug|iPhone.ActiveCfg = Debug|Any CPU
		{1DF7AFD7-8498-41C2-B83A-161E2D2A01E9}.Debug|iPhone.Build.0 = Debug|Any CPU
		{EDFECDDE-5DF5-423C-925B-2064437275D3}.Debug|Any CPU.ActiveCfg = Debug|iPhoneSimulator
		{EDFECDDE-5DF5-423C-925B-2064437275D3}.Debug|Any CPU.Build.0 = Debug|iPhoneSimulator
		{EDFECDDE-5DF5-423C-925B-2064437275D3}.Release|Any CPU.ActiveCfg = Release|iPhone
		{EDFECDDE-5DF5-423C-925B-2064437275D3}.Release|Any CPU.Build.0 = Release|iPhone
		{EDFECDDE-5DF5-423C-925B-2064437275D3}.Debug|iPhoneSimulator.ActiveCfg = Debug|iPhoneSimulator
		{EDFECDDE-5DF5-423C-925B-2064437275D3}.Debug|iPhoneSimulator.Build.0 = Debug|iPhoneSimulator
		{EDFECDDE-5DF5-423C-925B-2064437275D3}.Release|iPhone.ActiveCfg = Release|iPhone
		{EDFECDDE-5DF5-423C-925B-2064437275D3}.Release|iPhone.Build.0 = Release|iPhone
		{EDFECDDE-5DF5-423C-925B-2064437275D3}.Release|iPhoneSimulator.ActiveCfg = Release|iPhoneSimulator
		{EDFECDDE-5DF5-423C-925B-2064437275D3}.Release|iPhoneSimulator.Build.0 = Release|iPhoneSimulator
		{EDFECDDE-5DF5-423C-925B-2064437275D3}.Debug|iPhone.ActiveCfg = Debug|iPhone
		{EDFECDDE-5DF5-423C-925B-2064437275D3}.Debug|iPhone.Build.0 = Debug|iPhone
	EndGlobalSection
EndGlobal
