
Microsoft Visual Studio Solution File, Format Version 12.00
# Visual Studio 15
Project("{FAE04EC0-301F-11D3-BF4B-00C04F79EFBC}") = "Pkcs11Interop.Android", "Pkcs11Interop.Android\Pkcs11Interop.Android.csproj", "{B43E3C7E-3D60-4ED1-8AE1-D250D4E42EC4}"
EndProject
Project("{FAE04EC0-301F-11D3-BF4B-00C04F79EFBC}") = "Pkcs11Interop.iOS", "Pkcs11Interop.iOS\Pkcs11Interop.iOS.csproj", "{26824C27-7364-4F10-80F0-5AF38A7125DB}"
EndProject
Global
	GlobalSection(SolutionConfigurationPlatforms) = preSolution
		Debug|Any CPU = Debug|Any CPU
		Release|Any CPU = Release|Any CPU
		Debug|iPhoneSimulator = Debug|iPhoneSimulator
		Release|iPhone = Release|iPhone
		Release|iPhoneSimulator = Release|iPhoneSimulator
		Debug|iPhone = Debug|iPhone
	EndGlobalSection
	GlobalSection(ProjectConfigurationPlatforms) = postSolution
		{B43E3C7E-3D60-4ED1-8AE1-D250D4E42EC4}.Debug|Any CPU.ActiveCfg = Debug|Any CPU
		{B43E3C7E-3D60-4ED1-8AE1-D250D4E42EC4}.Debug|Any CPU.Build.0 = Debug|Any CPU
		{B43E3C7E-3D60-4ED1-8AE1-D250D4E42EC4}.Release|Any CPU.ActiveCfg = Release|Any CPU
		{B43E3C7E-3D60-4ED1-8AE1-D250D4E42EC4}.Release|Any CPU.Build.0 = Release|Any CPU
		{B43E3C7E-3D60-4ED1-8AE1-D250D4E42EC4}.Debug|iPhoneSimulator.ActiveCfg = Debug|Any CPU
		{B43E3C7E-3D60-4ED1-8AE1-D250D4E42EC4}.Debug|iPhoneSimulator.Build.0 = Debug|Any CPU
		{B43E3C7E-3D60-4ED1-8AE1-D250D4E42EC4}.Release|iPhone.ActiveCfg = Release|Any CPU
		{B43E3C7E-3D60-4ED1-8AE1-D250D4E42EC4}.Release|iPhone.Build.0 = Release|Any CPU
		{B43E3C7E-3D60-4ED1-8AE1-D250D4E42EC4}.Release|iPhoneSimulator.ActiveCfg = Release|Any CPU
		{B43E3C7E-3D60-4ED1-8AE1-D250D4E42EC4}.Release|iPhoneSimulator.Build.0 = Release|Any CPU
		{B43E3C7E-3D60-4ED1-8AE1-D250D4E42EC4}.Debug|iPhone.ActiveCfg = Debug|Any CPU
		{B43E3C7E-3D60-4ED1-8AE1-D250D4E42EC4}.Debug|iPhone.Build.0 = Debug|Any CPU
		{26824C27-7364-4F10-80F0-5AF38A7125DB}.Debug|Any CPU.ActiveCfg = Debug|iPhoneSimulator
		{26824C27-7364-4F10-80F0-5AF38A7125DB}.Debug|Any CPU.Build.0 = Debug|iPhoneSimulator
		{26824C27-7364-4F10-80F0-5AF38A7125DB}.Release|Any CPU.ActiveCfg = Release|iPhone
		{26824C27-7364-4F10-80F0-5AF38A7125DB}.Release|Any CPU.Build.0 = Release|iPhone
		{26824C27-7364-4F10-80F0-5AF38A7125DB}.Debug|iPhoneSimulator.ActiveCfg = Debug|iPhoneSimulator
		{26824C27-7364-4F10-80F0-5AF38A7125DB}.Debug|iPhoneSimulator.Build.0 = Debug|iPhoneSimulator
		{26824C27-7364-4F10-80F0-5AF38A7125DB}.Release|iPhone.ActiveCfg = Release|iPhone
		{26824C27-7364-4F10-80F0-5AF38A7125DB}.Release|iPhone.Build.0 = Release|iPhone
		{26824C27-7364-4F10-80F0-5AF38A7125DB}.Release|iPhoneSimulator.ActiveCfg = Release|iPhoneSimulator
		{26824C27-7364-4F10-80F0-5AF38A7125DB}.Release|iPhoneSimulator.Build.0 = Release|iPhoneSimulator
		{26824C27-7364-4F10-80F0-5AF38A7125DB}.Debug|iPhone.ActiveCfg = Debug|iPhone
		{26824C27-7364-4F10-80F0-5AF38A7125DB}.Debug|iPhone.Build.0 = Debug|iPhone
	EndGlobalSection
EndGlobal
